
Microsoft Visual Studio Solution File, Format Version 12.00
# Visual Studio Version 16
VisualStudioVersion = 16.0.29926.136
MinimumVisualStudioVersion = 10.0.40219.1
Project("{FAE04EC0-301F-11D3-BF4B-00C04F79EFBC}") = "ConsoleApp2", "ConsoleApp2\ConsoleApp2.csproj", "{DB1768FE-F133-48F9-8E83-E2C46C2DD38A}"
EndProject
Global
	GlobalSection(SolutionConfigurationPlatforms) = preSolution
		Debug|Any CPU = Debug|Any CPU
		Release|Any CPU = Release|Any CPU
	EndGlobalSection
	GlobalSection(ProjectConfigurationPlatforms) = postSolution
		{DB1768FE-F133-48F9-8E83-E2C46C2DD38A}.Debug|Any CPU.ActiveCfg = Debug|Any CPU
		{DB1768FE-F133-48F9-8E83-E2C46C2DD38A}.Debug|Any CPU.Build.0 = Debug|Any CPU
		{DB1768FE-F133-48F9-8E83-E2C46C2DD38A}.Release|Any CPU.ActiveCfg = Release|Any CPU
		{DB1768FE-F133-48F9-8E83-E2C46C2DD38A}.Release|Any CPU.Build.0 = Release|Any CPU
	EndGlobalSection
	GlobalSection(SolutionProperties) = preSolution
		HideSolutionNode = FALSE
	EndGlobalSection
	GlobalSection(ExtensibilityGlobals) = postSolution
		SolutionGuid = {EE702AD9-22F4-47E6-ACB0-7461D972BDA9}
	EndGlobalSection
EndGlobal
