
Microsoft Visual Studio Solution File, Format Version 12.00
# Visual Studio Version 16
VisualStudioVersion = 16.0.29926.136
MinimumVisualStudioVersion = 10.0.40219.1
Project("{FAE04EC0-301F-11D3-BF4B-00C04F79EFBC}") = "LoopDoWhileApp", "LoopDoWhileApp\LoopDoWhileApp.csproj", "{BF2795EE-03E3-4789-B1B3-6CAC6CBA17A6}"
EndProject
Global
	GlobalSection(SolutionConfigurationPlatforms) = preSolution
		Debug|Any CPU = Debug|Any CPU
		Release|Any CPU = Release|Any CPU
	EndGlobalSection
	GlobalSection(ProjectConfigurationPlatforms) = postSolution
		{BF2795EE-03E3-4789-B1B3-6CAC6CBA17A6}.Debug|Any CPU.ActiveCfg = Debug|Any CPU
		{BF2795EE-03E3-4789-B1B3-6CAC6CBA17A6}.Debug|Any CPU.Build.0 = Debug|Any CPU
		{BF2795EE-03E3-4789-B1B3-6CAC6CBA17A6}.Release|Any CPU.ActiveCfg = Release|Any CPU
		{BF2795EE-03E3-4789-B1B3-6CAC6CBA17A6}.Release|Any CPU.Build.0 = Release|Any CPU
	EndGlobalSection
	GlobalSection(SolutionProperties) = preSolution
		HideSolutionNode = FALSE
	EndGlobalSection
	GlobalSection(ExtensibilityGlobals) = postSolution
		SolutionGuid = {F5D4E815-F345-4479-B088-74B6891BE813}
	EndGlobalSection
EndGlobal
