
Microsoft Visual Studio Solution File, Format Version 12.00
# Visual Studio Version 16
VisualStudioVersion = 16.0.29926.136
MinimumVisualStudioVersion = 10.0.40219.1
Project("{FAE04EC0-301F-11D3-BF4B-00C04F79EFBC}") = "Arrays2_App", "Arrays2_App\Arrays2_App.csproj", "{849657EE-A410-4FD9-A88E-EC2F15AC40CD}"
EndProject
Global
	GlobalSection(SolutionConfigurationPlatforms) = preSolution
		Debug|Any CPU = Debug|Any CPU
		Release|Any CPU = Release|Any CPU
	EndGlobalSection
	GlobalSection(ProjectConfigurationPlatforms) = postSolution
		{849657EE-A410-4FD9-A88E-EC2F15AC40CD}.Debug|Any CPU.ActiveCfg = Debug|Any CPU
		{849657EE-A410-4FD9-A88E-EC2F15AC40CD}.Debug|Any CPU.Build.0 = Debug|Any CPU
		{849657EE-A410-4FD9-A88E-EC2F15AC40CD}.Release|Any CPU.ActiveCfg = Release|Any CPU
		{849657EE-A410-4FD9-A88E-EC2F15AC40CD}.Release|Any CPU.Build.0 = Release|Any CPU
	EndGlobalSection
	GlobalSection(SolutionProperties) = preSolution
		HideSolutionNode = FALSE
	EndGlobalSection
	GlobalSection(ExtensibilityGlobals) = postSolution
		SolutionGuid = {265DACB9-55E7-4BE6-9E0C-874F4110C4A5}
	EndGlobalSection
EndGlobal
