
Microsoft Visual Studio Solution File, Format Version 12.00
# Visual Studio Version 16
VisualStudioVersion = 16.0.29926.136
MinimumVisualStudioVersion = 10.0.40219.1
Project("{FAE04EC0-301F-11D3-BF4B-00C04F79EFBC}") = "HolaMundoApp", "HolaMundoApp\HolaMundoApp.csproj", "{371B2613-9E1E-4FCA-B9C2-556D24DEEA0B}"
EndProject
Global
	GlobalSection(SolutionConfigurationPlatforms) = preSolution
		Debug|Any CPU = Debug|Any CPU
		Release|Any CPU = Release|Any CPU
	EndGlobalSection
	GlobalSection(ProjectConfigurationPlatforms) = postSolution
		{371B2613-9E1E-4FCA-B9C2-556D24DEEA0B}.Debug|Any CPU.ActiveCfg = Debug|Any CPU
		{371B2613-9E1E-4FCA-B9C2-556D24DEEA0B}.Debug|Any CPU.Build.0 = Debug|Any CPU
		{371B2613-9E1E-4FCA-B9C2-556D24DEEA0B}.Release|Any CPU.ActiveCfg = Release|Any CPU
		{371B2613-9E1E-4FCA-B9C2-556D24DEEA0B}.Release|Any CPU.Build.0 = Release|Any CPU
	EndGlobalSection
	GlobalSection(SolutionProperties) = preSolution
		HideSolutionNode = FALSE
	EndGlobalSection
	GlobalSection(ExtensibilityGlobals) = postSolution
		SolutionGuid = {00DC8160-9422-4727-9BD1-3D098B857F76}
	EndGlobalSection
EndGlobal
