
Microsoft Visual Studio Solution File, Format Version 12.00
# Visual Studio Version 16
VisualStudioVersion = 16.0.29926.136
MinimumVisualStudioVersion = 10.0.40219.1
Project("{FAE04EC0-301F-11D3-BF4B-00C04F79EFBC}") = "PropiedadesApp", "PropiedadesCajaApp\PropiedadesApp.csproj", "{C88DA454-3028-4797-B73C-AB6E8FA16B1E}"
EndProject
Global
	GlobalSection(SolutionConfigurationPlatforms) = preSolution
		Debug|Any CPU = Debug|Any CPU
		Release|Any CPU = Release|Any CPU
	EndGlobalSection
	GlobalSection(ProjectConfigurationPlatforms) = postSolution
		{C88DA454-3028-4797-B73C-AB6E8FA16B1E}.Debug|Any CPU.ActiveCfg = Debug|Any CPU
		{C88DA454-3028-4797-B73C-AB6E8FA16B1E}.Debug|Any CPU.Build.0 = Debug|Any CPU
		{C88DA454-3028-4797-B73C-AB6E8FA16B1E}.Release|Any CPU.ActiveCfg = Release|Any CPU
		{C88DA454-3028-4797-B73C-AB6E8FA16B1E}.Release|Any CPU.Build.0 = Release|Any CPU
	EndGlobalSection
	GlobalSection(SolutionProperties) = preSolution
		HideSolutionNode = FALSE
	EndGlobalSection
	GlobalSection(ExtensibilityGlobals) = postSolution
		SolutionGuid = {55DC20F3-59B9-4BE1-8FB7-72672F0F1ADE}
	EndGlobalSection
EndGlobal
